
Microsoft Visual Studio Solution File, Format Version 12.00
# Visual Studio Version 16
VisualStudioVersion = 16.0.30320.27
MinimumVisualStudioVersion = 10.0.40219.1
Project("{9A19103F-16F7-4668-BE54-9A1E7A4F7556}") = "PlatformFunctions", "PlatformFunctions\PlatformFunctions.csproj", "{862ECC4A-6378-4CD1-93EB-B916C5FF978B}"
EndProject
Project("{FAE04EC0-301F-11D3-BF4B-00C04F79EFBC}") = "PlatformFunctionsTests", "PlatformFunctionsTests\PlatformFunctionsTests.csproj", "{21C6B5D9-7A8C-4724-A7F4-1C881830DD1D}"
EndProject
Global
	GlobalSection(SolutionConfigurationPlatforms) = preSolution
		Debug|Any CPU = Debug|Any CPU
		Release|Any CPU = Release|Any CPU
	EndGlobalSection
	GlobalSection(ProjectConfigurationPlatforms) = postSolution
		{862ECC4A-6378-4CD1-93EB-B916C5FF978B}.Debug|Any CPU.ActiveCfg = Debug|Any CPU
		{862ECC4A-6378-4CD1-93EB-B916C5FF978B}.Debug|Any CPU.Build.0 = Debug|Any CPU
		{862ECC4A-6378-4CD1-93EB-B916C5FF978B}.Release|Any CPU.ActiveCfg = Release|Any CPU
		{862ECC4A-6378-4CD1-93EB-B916C5FF978B}.Release|Any CPU.Build.0 = Release|Any CPU
		{21C6B5D9-7A8C-4724-A7F4-1C881830DD1D}.Debug|Any CPU.ActiveCfg = Debug|Any CPU
		{21C6B5D9-7A8C-4724-A7F4-1C881830DD1D}.Debug|Any CPU.Build.0 = Debug|Any CPU
		{21C6B5D9-7A8C-4724-A7F4-1C881830DD1D}.Release|Any CPU.ActiveCfg = Release|Any CPU
		{21C6B5D9-7A8C-4724-A7F4-1C881830DD1D}.Release|Any CPU.Build.0 = Release|Any CPU
	EndGlobalSection
	GlobalSection(SolutionProperties) = preSolution
		HideSolutionNode = FALSE
	EndGlobalSection
	GlobalSection(ExtensibilityGlobals) = postSolution
		SolutionGuid = {64647231-5751-424D-A56C-B15CAA797953}
	EndGlobalSection
EndGlobal
